
Microsoft Visual Studio Solution File, Format Version 12.00
# Visual Studio Version 16
VisualStudioVersion = 16.0.29905.134
MinimumVisualStudioVersion = 10.0.40219.1
Project("{9A19103F-16F7-4668-BE54-9A1E7A4F7556}") = "ERP", "ERP.csproj", "{157D4C61-8973-48DD-A8A4-A931A926A67C}"
EndProject
Project("{2150E333-8FDC-42A3-9474-1A3956D46DE8}") = "Solution Items", "Solution Items", "{63928841-DC8A-4BBB-8D8D-177753CD0BE1}"
	ProjectSection(SolutionItems) = preProject
		.editorconfig = .editorconfig
	EndProjectSection
EndProject
Global
	GlobalSection(SolutionConfigurationPlatforms) = preSolution
		Debug|Any CPU = Debug|Any CPU
		Release|Any CPU = Release|Any CPU
	EndGlobalSection
	GlobalSection(ProjectConfigurationPlatforms) = postSolution
		{157D4C61-8973-48DD-A8A4-A931A926A67C}.Debug|Any CPU.ActiveCfg = Debug|Any CPU
		{157D4C61-8973-48DD-A8A4-A931A926A67C}.Debug|Any CPU.Build.0 = Debug|Any CPU
		{157D4C61-8973-48DD-A8A4-A931A926A67C}.Release|Any CPU.ActiveCfg = Release|Any CPU
		{157D4C61-8973-48DD-A8A4-A931A926A67C}.Release|Any CPU.Build.0 = Release|Any CPU
	EndGlobalSection
	GlobalSection(SolutionProperties) = preSolution
		HideSolutionNode = FALSE
	EndGlobalSection
	GlobalSection(ExtensibilityGlobals) = postSolution
		SolutionGuid = {7A68C784-F9DD-4FA1-85A2-41B7C8E16517}
	EndGlobalSection
EndGlobal
